<?xml version="1.0" encoding="utf-8"?>
<Project ToolsVersion="4.0" xmlns="http://schemas.microsoft.com/developer/msbuild/2003">
  <ItemGroup>
    <Filter Include="Source Files">
      <UniqueIdentifier>{3ea7b0bb-1fed-4b80-9e66-15601a5ba1d2}</UniqueIdentifier>
      <Extensions>cpp;c;cxx;rc;def;r;odl;idl;hpj;bat</Extensions>
    </Filter>
    <Filter Include="Header Files">
      <UniqueIdentifier>{43dd575e-a477-4325-815a-b086994800fc}</UniqueIdentifier>
      <Extensions>h;hpp;hxx;hm;inl</Extensions>
    </Filter>
    <Filter Include="Resource Files">
      <UniqueIdentifier>{760e5626-f47e-4b25-94b7-65c7cf447efb}</UniqueIdentifier>
      <Extensions>ico;cur;bmp;dlg;rc2;rct;bin;rgs;gif;jpg;jpeg;jpe</Extensions>
    </Filter>
  </ItemGroup>
  <ItemGroup>
    <ClCompile Include="BitStreamExtractor.cpp">
      <Filter>Source Files</Filter>
    </ClCompile>
    <ClCompile Include="Extractor.cpp">
      <Filter>Source Files</Filter>
    </ClCompile>
    <ClCompile Include="ExtractorParameter.cpp">
      <Filter>Source Files</Filter>
    </ClCompile>
    <ClCompile Include="ScalableSEIModifyCode.cpp">
      <Filter>Source Files</Filter>
    </ClCompile>
  </ItemGroup>
  <ItemGroup>
    <ClInclude Include="BStreamExtractor.h">
      <Filter>Header Files</Filter>
    </ClInclude>
    <ClInclude Include="Extractor.h">
      <Filter>Header Files</Filter>
    </ClInclude>
    <ClInclude Include="ExtractorParameter.h">
      <Filter>Header Files</Filter>
    </ClInclude>
    <ClInclude Include="ScalableSEIModifyCode.h">
      <Filter>Header Files</Filter>
    </ClInclude>
  </ItemGroup>
</Project>