<?xml version="1.0" encoding="utf-8"?>
<Project ToolsVersion="4.0" xmlns="http://schemas.microsoft.com/developer/msbuild/2003">
  <ItemGroup>
    <Filter Include="Source Files">
      <UniqueIdentifier>{903be561-683d-4f9e-9239-9990d1b63403}</UniqueIdentifier>
      <Extensions>cpp;c;cxx;rc;def;r;odl;idl;hpj;bat</Extensions>
    </Filter>
    <Filter Include="Header Files">
      <UniqueIdentifier>{e83c7361-9b20-4707-bbc6-5c077455bf95}</UniqueIdentifier>
      <Extensions>h;hpp;hxx;hm;inl</Extensions>
    </Filter>
    <Filter Include="Resource Files">
      <UniqueIdentifier>{5e657a30-f415-41d5-a932-4d20643f9d74}</UniqueIdentifier>
      <Extensions>ico;cur;bmp;dlg;rc2;rct;bin;rgs;gif;jpg;jpeg;jpe</Extensions>
    </Filter>
  </ItemGroup>
  <ItemGroup>
    <ClCompile Include="DecoderParameter.cpp">
      <Filter>Source Files</Filter>
    </ClCompile>
    <ClCompile Include="H264AVCDecoderLibTest.cpp">
      <Filter>Source Files</Filter>
    </ClCompile>
    <ClCompile Include="H264AVCDecoderTest.cpp">
      <Filter>Source Files</Filter>
    </ClCompile>
  </ItemGroup>
  <ItemGroup>
    <ClInclude Include="DecoderParameter.h">
      <Filter>Header Files</Filter>
    </ClInclude>
    <ClInclude Include="H264AVCDecoderLibTest.h">
      <Filter>Header Files</Filter>
    </ClInclude>
    <ClInclude Include="H264AVCDecoderTest.h">
      <Filter>Header Files</Filter>
    </ClInclude>
  </ItemGroup>
</Project>