<?xml version="1.0" encoding="utf-8"?>
<Project ToolsVersion="4.0" xmlns="http://schemas.microsoft.com/developer/msbuild/2003">
  <ItemGroup>
    <Filter Include="Source Files">
      <UniqueIdentifier>{300f7023-32ac-41cb-8961-dcf0523f882c}</UniqueIdentifier>
      <Extensions>cpp;c;cxx;rc;def;r;odl;idl;hpj;bat</Extensions>
    </Filter>
    <Filter Include="Header Files">
      <UniqueIdentifier>{bf6d3a2c-841a-43a9-8190-a0d09429212a}</UniqueIdentifier>
      <Extensions>h;hpp;hxx;hm;inl</Extensions>
    </Filter>
    <Filter Include="Resource Files">
      <UniqueIdentifier>{9b0925b5-6dcd-426b-84df-5b9c5e05d29b}</UniqueIdentifier>
      <Extensions>ico;cur;bmp;dlg;rc2;rct;bin;rgs;gif;jpg;jpeg;jpe</Extensions>
    </Filter>
  </ItemGroup>
  <ItemGroup>
    <ClCompile Include="QualityLevel.cpp">
      <Filter>Source Files</Filter>
    </ClCompile>
    <ClCompile Include="QualityLevelAssigner.cpp">
      <Filter>Source Files</Filter>
    </ClCompile>
    <ClCompile Include="QualityLevelEstimation.cpp">
      <Filter>Source Files</Filter>
    </ClCompile>
    <ClCompile Include="QualityLevelParameter.cpp">
      <Filter>Source Files</Filter>
    </ClCompile>
  </ItemGroup>
  <ItemGroup>
    <ClInclude Include="QualityLevelAssigner.h">
      <Filter>Header Files</Filter>
    </ClInclude>
    <ClInclude Include="QualityLevelEstimation.h">
      <Filter>Header Files</Filter>
    </ClInclude>
    <ClInclude Include="QualityLevelParameter.h">
      <Filter>Header Files</Filter>
    </ClInclude>
  </ItemGroup>
</Project>